lockfileVersion: 5.3

specifiers:
  chalk: ^5.0.0
  husky: ^7.0.4
  jimp: ^0.16.1
  shelljs: ^0.8.4

devDependencies:
  chalk: 5.0.0
  husky: 7.0.4
  jimp: registry.npmmirror.com/jimp/0.16.1
  shelljs: 0.8.4

packages:

  /balanced-match/1.0.2:
    resolution: {integrity: sha512-3oSeUO0TMV67hN1AmbXsK4yaqU7tjiHlbxRDZOpH0KW9+CeX4bRAaX0Anxt0tx2MrpRpWwQaPwIlISEJhYU5Pw==}
    dev: true

  /brace-expansion/1.1.11:
    resolution: {integrity: sha512-iCuPHDFgrHX7H2vEI/5xpz07zSHB00TpugqhmYtVmMO6518mCuRMoOYFldEBl0g187ufozdaHgWKcYFb61qGiA==}
    dependencies:
      balanced-match: 1.0.2
      concat-map: 0.0.1
    dev: true

  /chalk/5.0.0:
    resolution: {integrity: sha512-/duVOqst+luxCQRKEo4bNxinsOQtMP80ZYm7mMqzuh5PociNL0PvmHFvREJ9ueYL2TxlHjBcmLCdmocx9Vg+IQ==}
    engines: {node: ^12.17.0 || ^14.13 || >=16.0.0}
    dev: true

  /concat-map/0.0.1:
    resolution: {integrity: sha1-2Klr13/Wjfd5OnMDajug1UBdR3s=}
    dev: true

  /fs.realpath/1.0.0:
    resolution: {integrity: sha1-FQStJSMVjKpA20onh8sBQRmU6k8=}
    dev: true

  /function-bind/1.1.1:
    resolution: {integrity: sha512-yIovAzMX49sF8Yl58fSCWJ5svSLuaibPxXQJFLmBObTuCr0Mf1KiPopGM9NiFjiYBCbfaa2Fh6breQ6ANVTI0A==}
    dev: true

  /glob/7.2.0:
    resolution: {integrity: sha512-lmLf6gtyrPq8tTjSmrO94wBeQbFR3HbLHbuyD69wuyQkImp2hWqMGB47OX65FBkPffO641IP9jWa1z4ivqG26Q==}
    dependencies:
      fs.realpath: 1.0.0
      inflight: 1.0.6
      inherits: 2.0.4
      minimatch: 3.0.4
      once: 1.4.0
      path-is-absolute: 1.0.1
    dev: true

  /has/1.0.3:
    resolution: {integrity: sha512-f2dvO0VU6Oej7RkWJGrehjbzMAjFp5/VKPp5tTpWIV4JHHZK1/BxbFRtf/siA2SWTe09caDmVtYYzWEIbBS4zw==}
    engines: {node: '>= 0.4.0'}
    dependencies:
      function-bind: 1.1.1
    dev: true

  /husky/7.0.4:
    resolution: {integrity: sha512-vbaCKN2QLtP/vD4yvs6iz6hBEo6wkSzs8HpRah1Z6aGmF2KW5PdYuAd7uX5a+OyBZHBhd+TFLqgjUgytQr4RvQ==}
    engines: {node: '>=12'}
    hasBin: true
    dev: true

  /inflight/1.0.6:
    resolution: {integrity: sha1-Sb1jMdfQLQwJvJEKEHW6gWW1bfk=}
    dependencies:
      once: 1.4.0
      wrappy: 1.0.2
    dev: true

  /inherits/2.0.4:
    resolution: {integrity: sha512-k/vGaX4/Yla3WzyMCvTQOXYeIHvqOKtnqBduzTHpzpQZzAskKMhZ2K+EnBiSM9zGSoIFeMpXKxa4dYeZIQqewQ==}
    dev: true

  /interpret/1.4.0:
    resolution: {integrity: sha512-agE4QfB2Lkp9uICn7BAqoscw4SZP9kTE2hxiFI3jBPmXJfdqiahTbUuKGsMoN2GtqL9AxhYioAcVvgsb1HvRbA==}
    engines: {node: '>= 0.10'}
    dev: true

  /is-core-module/2.8.0:
    resolution: {integrity: sha512-vd15qHsaqrRL7dtH6QNuy0ndJmRDrS9HAM1CAiSifNUFv4x1a0CCVsj18hJ1mShxIG6T2i1sO78MkP56r0nYRw==}
    dependencies:
      has: 1.0.3
    dev: true

  /minimatch/3.0.4:
    resolution: {integrity: sha512-yJHVQEhyqPLUTgt9B83PXu6W3rx4MvvHvSUvToogpwoGDOUQ+yDrR0HRot+yOCdCO7u4hX3pWft6kWBBcqh0UA==}
    dependencies:
      brace-expansion: 1.1.11
    dev: true

  /once/1.4.0:
    resolution: {integrity: sha1-WDsap3WWHUsROsF9nFC6753Xa9E=}
    dependencies:
      wrappy: 1.0.2
    dev: true

  /path-is-absolute/1.0.1:
    resolution: {integrity: sha1-F0uSaHNVNP+8es5r9TpanhtcX18=}
    engines: {node: '>=0.10.0'}
    dev: true

  /path-parse/1.0.7:
    resolution: {integrity: sha512-LDJzPVEEEPR+y48z93A0Ed0yXb8pAByGWo/k5YYdYgpY2/2EsOsksJrq7lOHxryrVOn1ejG6oAp8ahvOIQD8sw==}
    dev: true

  /rechoir/0.6.2:
    resolution: {integrity: sha1-hSBLVNuoLVdC4oyWdW70OvUOM4Q=}
    engines: {node: '>= 0.10'}
    dependencies:
      resolve: 1.20.0
    dev: true

  /resolve/1.20.0:
    resolution: {integrity: sha512-wENBPt4ySzg4ybFQW2TT1zMQucPK95HSh/nq2CFTZVOGut2+pQvSsgtda4d26YrYcr067wjbmzOG8byDPBX63A==}
    dependencies:
      is-core-module: 2.8.0
      path-parse: 1.0.7
    dev: true

  /shelljs/0.8.4:
    resolution: {integrity: sha512-7gk3UZ9kOfPLIAbslLzyWeGiEqx9e3rxwZM0KE6EL8GlGwjym9Mrlx5/p33bWTu9YG6vcS4MBxYZDHYr5lr8BQ==}
    engines: {node: '>=4'}
    hasBin: true
    dependencies:
      glob: 7.2.0
      interpret: 1.4.0
      rechoir: 0.6.2
    dev: true

  /wrappy/1.0.2:
    resolution: {integrity: sha1-tSQ9jz7BqjXxNkYFvA0QNuMKtp8=}
    dev: true

  registry.nlark.com/any-base/1.1.0:
    resolution: {integrity: sha1-rhAaYrwIpZe0yatbcInUVmMFSf4=, registry: http://registry.npm.taobao.org/, tarball: https://registry.nlark.com/any-base/download/any-base-1.1.0.tgz}
    name: any-base
    version: 1.1.0
    dev: true

  registry.nlark.com/base64-js/1.5.1:
    resolution: {integrity: sha1-GxtEAWClv3rUC2UPCVljSBkDkwo=, registry: http://registry.npm.taobao.org/, tarball: https://registry.nlark.com/base64-js/download/base64-js-1.5.1.tgz}
    name: base64-js
    version: 1.5.1
    dev: true

  registry.nlark.com/bmp-js/0.1.0:
    resolution: {integrity: sha1-4Fpj95amwf8l9Hcex62twUjAcjM=, registry: http://registry.npm.taobao.org/, tarball: https://registry.nlark.com/bmp-js/download/bmp-js-0.1.0.tgz}
    name: bmp-js
    version: 0.1.0
    dev: true

  registry.nlark.com/buffer-equal/0.0.1:
    resolution: {integrity: sha1-kbx0sR6kBbyRa8aqkI+q+ltKrEs=, registry: http://registry.npm.taobao.org/, tarball: https://registry.nlark.com/buffer-equal/download/buffer-equal-0.0.1.tgz}
    name: buffer-equal
    version: 0.0.1
    engines: {node: '>=0.4.0'}
    dev: true

  registry.nlark.com/buffer/5.7.1:
    resolution: {integrity: sha1-umLnwTEzBTWCGXFghRqPZI6Z7tA=, registry: http://registry.npm.taobao.org/, tarball: https://registry.nlark.com/buffer/download/buffer-5.7.1.tgz}
    name: buffer
    version: 5.7.1
    dependencies:
      base64-js: registry.nlark.com/base64-js/1.5.1
      ieee754: registry.nlark.com/ieee754/1.2.1
    dev: true

  registry.nlark.com/dom-walk/0.1.2:
    resolution: {integrity: sha1-DFSL7wSPTR8qlySQAiNgYNqj/YQ=, registry: http://registry.npm.taobao.org/, tarball: https://registry.nlark.com/dom-walk/download/dom-walk-0.1.2.tgz}
    name: dom-walk
    version: 0.1.2
    dev: true

  registry.nlark.com/exif-parser/0.1.12:
    resolution: {integrity: sha1-WKnS1ywCwfbwKg70qRZicrd2CSI=, registry: http://registry.npm.taobao.org/, tarball: https://registry.nlark.com/exif-parser/download/exif-parser-0.1.12.tgz}
    name: exif-parser
    version: 0.1.12
    dev: true

  registry.nlark.com/gifwrap/0.9.2:
    resolution: {integrity: sha1-NI4obmfXz1eUIXLh5vBacc7nhIk=, registry: http://registry.npm.taobao.org/, tarball: https://registry.nlark.com/gifwrap/download/gifwrap-0.9.2.tgz}
    name: gifwrap
    version: 0.9.2
    dependencies:
      image-q: registry.nlark.com/image-q/1.1.1
      omggif: registry.nlark.com/omggif/1.0.10
    dev: true

  registry.nlark.com/global/4.4.0:
    resolution: {integrity: sha1-PnsQUXkAajI+1xqvyj6cV6XMZAY=, registry: http://registry.npm.taobao.org/, tarball: https://registry.nlark.com/global/download/global-4.4.0.tgz}
    name: global
    version: 4.4.0
    dependencies:
      min-document: registry.nlark.com/min-document/2.19.0
      process: registry.nlark.com/process/0.11.10
    dev: true

  registry.nlark.com/ieee754/1.2.1:
    resolution: {integrity: sha1-jrehCmP/8l0VpXsAFYbRd9Gw01I=, registry: http://registry.npm.taobao.org/, tarball: https://registry.nlark.com/ieee754/download/ieee754-1.2.1.tgz}
    name: ieee754
    version: 1.2.1
    dev: true

  registry.nlark.com/image-q/1.1.1:
    resolution: {integrity: sha1-/IQJlmRGC5DKhi2TALa/u7+/gFY=, registry: http://registry.npm.taobao.org/, tarball: https://registry.nlark.com/image-q/download/image-q-1.1.1.tgz}
    name: image-q
    version: 1.1.1
    engines: {node: '>=0.9.0'}
    dev: true

  registry.nlark.com/is-function/1.0.2:
    resolution: {integrity: sha1-Twl/MKv2762smDOxfKXcA/gUTgg=, registry: http://registry.npm.taobao.org/, tarball: https://registry.nlark.com/is-function/download/is-function-1.0.2.tgz}
    name: is-function
    version: 1.0.2
    dev: true

  registry.nlark.com/load-bmfont/1.4.1:
    resolution: {integrity: sha1-wPX0cRoeLM/3Jae2B4CHzPzd0+k=, registry: http://registry.npm.taobao.org/, tarball: https://registry.nlark.com/load-bmfont/download/load-bmfont-1.4.1.tgz}
    name: load-bmfont
    version: 1.4.1
    dependencies:
      buffer-equal: registry.nlark.com/buffer-equal/0.0.1
      mime: registry.npmmirror.com/mime/1.6.0
      parse-bmfont-ascii: registry.nlark.com/parse-bmfont-ascii/1.0.6
      parse-bmfont-binary: registry.nlark.com/parse-bmfont-binary/1.0.6
      parse-bmfont-xml: registry.nlark.com/parse-bmfont-xml/1.1.4
      phin: registry.npmmirror.com/phin/2.9.3
      xhr: registry.nlark.com/xhr/2.6.0
      xtend: registry.nlark.com/xtend/4.0.2
    dev: true

  registry.nlark.com/min-document/2.19.0:
    resolution: {integrity: sha1-e9KC4/WELtKVu3SM3Z8f+iyCRoU=, registry: http://registry.npm.taobao.org/, tarball: https://registry.nlark.com/min-document/download/min-document-2.19.0.tgz}
    name: min-document
    version: 2.19.0
    dependencies:
      dom-walk: registry.nlark.com/dom-walk/0.1.2
    dev: true

  registry.nlark.com/minimist/1.2.5:
    resolution: {integrity: sha1-Z9ZgFLZqaoqqDAg8X9WN9OTpdgI=, registry: http://registry.npm.taobao.org/, tarball: https://registry.nlark.com/minimist/download/minimist-1.2.5.tgz?cache=0&sync_timestamp=1631509547344&other_urls=https%3A%2F%2Fregistry.nlark.com%2Fminimist%2Fdownload%2Fminimist-1.2.5.tgz}
    name: minimist
    version: 1.2.5
    dev: true

  registry.nlark.com/omggif/1.0.10:
    resolution: {integrity: sha1-3ar5DUpC9TLp58s6lezdR/F8exk=, registry: http://registry.npm.taobao.org/, tarball: https://registry.nlark.com/omggif/download/omggif-1.0.10.tgz}
    name: omggif
    version: 1.0.10
    dev: true

  registry.nlark.com/pako/1.0.11:
    resolution: {integrity: sha1-bJWZ00DVTf05RjgCUqNXBaa5kr8=, registry: http://registry.npm.taobao.org/, tarball: https://registry.nlark.com/pako/download/pako-1.0.11.tgz}
    name: pako
    version: 1.0.11
    dev: true

  registry.nlark.com/parse-bmfont-ascii/1.0.6:
    resolution: {integrity: sha1-Eaw8P/WPfCAgqyJ2kHkQjU36AoU=, registry: http://registry.npm.taobao.org/, tarball: https://registry.nlark.com/parse-bmfont-ascii/download/parse-bmfont-ascii-1.0.6.tgz}
    name: parse-bmfont-ascii
    version: 1.0.6
    dev: true

  registry.nlark.com/parse-bmfont-binary/1.0.6:
    resolution: {integrity: sha1-0Di0dtPp3Z2x4RoLDlOiJ5K2kAY=, registry: http://registry.npm.taobao.org/, tarball: https://registry.nlark.com/parse-bmfont-binary/download/parse-bmfont-binary-1.0.6.tgz}
    name: parse-bmfont-binary
    version: 1.0.6
    dev: true

  registry.nlark.com/parse-bmfont-xml/1.1.4:
    resolution: {integrity: sha1-AVMZeX4+EvnnOcTVE4cs0vo184k=, registry: http://registry.npm.taobao.org/, tarball: https://registry.nlark.com/parse-bmfont-xml/download/parse-bmfont-xml-1.1.4.tgz}
    name: parse-bmfont-xml
    version: 1.1.4
    dependencies:
      xml-parse-from-string: registry.nlark.com/xml-parse-from-string/1.0.1
      xml2js: registry.nlark.com/xml2js/0.4.23
    dev: true

  registry.nlark.com/pixelmatch/4.0.2:
    resolution: {integrity: sha1-j0fc7FARtHe2fbA8JDvB8wheiFQ=, registry: http://registry.npm.taobao.org/, tarball: https://registry.nlark.com/pixelmatch/download/pixelmatch-4.0.2.tgz}
    name: pixelmatch
    version: 4.0.2
    hasBin: true
    dependencies:
      pngjs: registry.nlark.com/pngjs/3.4.0
    dev: true

  registry.nlark.com/pngjs/3.4.0:
    resolution: {integrity: sha1-mcp9clll+2VYFOr2XzjxK72/VV8=, registry: http://registry.npm.taobao.org/, tarball: https://registry.nlark.com/pngjs/download/pngjs-3.4.0.tgz}
    name: pngjs
    version: 3.4.0
    engines: {node: '>=4.0.0'}
    dev: true

  registry.nlark.com/process/0.11.10:
    resolution: {integrity: sha1-czIwDoQBYb2j5podHZGn1LwW8YI=, registry: http://registry.npm.taobao.org/, tarball: https://registry.nlark.com/process/download/process-0.11.10.tgz}
    name: process
    version: 0.11.10
    engines: {node: '>= 0.6.0'}
    dev: true

  registry.nlark.com/regenerator-runtime/0.13.9:
    resolution: {integrity: sha1-iSV0Kpj/2QgUmI11Zq0wyjsmO1I=, registry: http://registry.npm.taobao.org/, tarball: https://registry.nlark.com/regenerator-runtime/download/regenerator-runtime-0.13.9.tgz}
    name: regenerator-runtime
    version: 0.13.9
    dev: true

  registry.nlark.com/sax/1.2.4:
    resolution: {integrity: sha1-KBYjTiN4vdxOU1T6tcqold9xANk=, registry: http://registry.npm.taobao.org/, tarball: https://registry.nlark.com/sax/download/sax-1.2.4.tgz}
    name: sax
    version: 1.2.4
    dev: true

  registry.nlark.com/timm/1.7.1:
    resolution: {integrity: sha1-lrq2DH1FtaEKik0PARfGt+Wv928=, registry: http://registry.npm.taobao.org/, tarball: https://registry.nlark.com/timm/download/timm-1.7.1.tgz}
    name: timm
    version: 1.7.1
    dev: true

  registry.nlark.com/tinycolor2/1.4.2:
    resolution: {integrity: sha1-P2pNEHGtB2dtf6Ry4frECnGdiAM=, registry: http://registry.npm.taobao.org/, tarball: https://registry.nlark.com/tinycolor2/download/tinycolor2-1.4.2.tgz}
    name: tinycolor2
    version: 1.4.2
    dev: true

  registry.nlark.com/utif/2.0.1:
    resolution: {integrity: sha1-nhWC2bvSABGmWIVI7TJmKY5xF1k=, registry: http://registry.npm.taobao.org/, tarball: https://registry.nlark.com/utif/download/utif-2.0.1.tgz}
    name: utif
    version: 2.0.1
    dependencies:
      pako: registry.nlark.com/pako/1.0.11
    dev: true

  registry.nlark.com/xhr/2.6.0:
    resolution: {integrity: sha1-tp1DleeStBc9a33wd/D8Xk4rJJ0=, registry: http://registry.npm.taobao.org/, tarball: https://registry.nlark.com/xhr/download/xhr-2.6.0.tgz}
    name: xhr
    version: 2.6.0
    dependencies:
      global: registry.nlark.com/global/4.4.0
      is-function: registry.nlark.com/is-function/1.0.2
      parse-headers: registry.npmmirror.com/parse-headers/2.0.4
      xtend: registry.nlark.com/xtend/4.0.2
    dev: true

  registry.nlark.com/xml-parse-from-string/1.0.1:
    resolution: {integrity: sha1-qQKekp09vN7RafPG4oI42VpdWig=, registry: http://registry.npm.taobao.org/, tarball: https://registry.nlark.com/xml-parse-from-string/download/xml-parse-from-string-1.0.1.tgz}
    name: xml-parse-from-string
    version: 1.0.1
    dev: true

  registry.nlark.com/xml2js/0.4.23:
    resolution: {integrity: sha1-oMaVFnUkIesqx1juTUzPWIQ+rGY=, registry: http://registry.npm.taobao.org/, tarball: https://registry.nlark.com/xml2js/download/xml2js-0.4.23.tgz}
    name: xml2js
    version: 0.4.23
    engines: {node: '>=4.0.0'}
    dependencies:
      sax: registry.nlark.com/sax/1.2.4
      xmlbuilder: registry.nlark.com/xmlbuilder/11.0.1
    dev: true

  registry.nlark.com/xmlbuilder/11.0.1:
    resolution: {integrity: sha1-vpuuHIoEbnazESdyY0fQrXACvrM=, registry: http://registry.npm.taobao.org/, tarball: https://registry.nlark.com/xmlbuilder/download/xmlbuilder-11.0.1.tgz}
    name: xmlbuilder
    version: 11.0.1
    engines: {node: '>=4.0'}
    dev: true

  registry.nlark.com/xtend/4.0.2:
    resolution: {integrity: sha1-u3J3n1+kZRhrH0OPZ0+jR/2121Q=, registry: http://registry.npm.taobao.org/, tarball: https://registry.nlark.com/xtend/download/xtend-4.0.2.tgz}
    name: xtend
    version: 4.0.2
    engines: {node: '>=0.4'}
    dev: true

  registry.npmmirror.com/@babel/runtime/7.16.5:
    resolution: {integrity: sha512-TXWihFIS3Pyv5hzR7j6ihmeLkZfrXGxAr5UfSl8CHf+6q/wpiYDkUau0czckpYG8QmnCIuPpdLtuA9VmuGGyMA==, registry: http://registry.npm.taobao.org/, tarball: https://registry.npmmirror.com/@babel/runtime/download/@babel/runtime-7.16.5.tgz}
    name: '@babel/runtime'
    version: 7.16.5
    engines: {node: '>=6.9.0'}
    dependencies:
      regenerator-runtime: registry.nlark.com/regenerator-runtime/0.13.9
    dev: true

  registry.npmmirror.com/@jimp/bmp/0.16.1_@jimp+custom@0.16.1:
    resolution: {integrity: sha1-bi2mVbK6Iuch3weVQj806S7xN2g=, registry: http://registry.npm.taobao.org/, tarball: https://registry.npmmirror.com/@jimp/bmp/download/@jimp/bmp-0.16.1.tgz}
    id: registry.npmmirror.com/@jimp/bmp/0.16.1
    name: '@jimp/bmp'
    version: 0.16.1
    peerDependencies:
      '@jimp/custom': '>=0.3.5'
    dependencies:
      '@babel/runtime': registry.npmmirror.com/@babel/runtime/7.16.5
      '@jimp/custom': registry.npmmirror.com/@jimp/custom/0.16.1
      '@jimp/utils': registry.npmmirror.com/@jimp/utils/0.16.1
      bmp-js: registry.nlark.com/bmp-js/0.1.0
    dev: true

  registry.npmmirror.com/@jimp/core/0.16.1:
    resolution: {integrity: sha1-aMQoj2738xoPa4Wbo/so2ukw050=, registry: http://registry.npm.taobao.org/, tarball: https://registry.npmmirror.com/@jimp/core/download/@jimp/core-0.16.1.tgz}
    name: '@jimp/core'
    version: 0.16.1
    dependencies:
      '@babel/runtime': registry.npmmirror.com/@babel/runtime/7.16.5
      '@jimp/utils': registry.npmmirror.com/@jimp/utils/0.16.1
      any-base: registry.nlark.com/any-base/1.1.0
      buffer: registry.nlark.com/buffer/5.7.1
      exif-parser: registry.nlark.com/exif-parser/0.1.12
      file-type: registry.npmmirror.com/file-type/9.0.0
      load-bmfont: registry.nlark.com/load-bmfont/1.4.1
      mkdirp: registry.npmmirror.com/mkdirp/0.5.5
      phin: registry.npmmirror.com/phin/2.9.3
      pixelmatch: registry.nlark.com/pixelmatch/4.0.2
      tinycolor2: registry.nlark.com/tinycolor2/1.4.2
    dev: true

  registry.npmmirror.com/@jimp/custom/0.16.1:
    resolution: {integrity: sha1-KLZZxZ4goddaDEYGe9P0vTAs+cU=, registry: http://registry.npm.taobao.org/, tarball: https://registry.npmmirror.com/@jimp/custom/download/@jimp/custom-0.16.1.tgz}
    name: '@jimp/custom'
    version: 0.16.1
    dependencies:
      '@babel/runtime': registry.npmmirror.com/@babel/runtime/7.16.5
      '@jimp/core': registry.npmmirror.com/@jimp/core/0.16.1
    dev: true

  registry.npmmirror.com/@jimp/gif/0.16.1_@jimp+custom@0.16.1:
    resolution: {integrity: sha1-0ffDpY9GZkgnUJM6+Lj0ZmQU88o=, registry: http://registry.npm.taobao.org/, tarball: https://registry.npmmirror.com/@jimp/gif/download/@jimp/gif-0.16.1.tgz}
    id: registry.npmmirror.com/@jimp/gif/0.16.1
    name: '@jimp/gif'
    version: 0.16.1
    peerDependencies:
      '@jimp/custom': '>=0.3.5'
    dependencies:
      '@babel/runtime': registry.npmmirror.com/@babel/runtime/7.16.5
      '@jimp/custom': registry.npmmirror.com/@jimp/custom/0.16.1
      '@jimp/utils': registry.npmmirror.com/@jimp/utils/0.16.1
      gifwrap: registry.nlark.com/gifwrap/0.9.2
      omggif: registry.nlark.com/omggif/1.0.10
    dev: true

  registry.npmmirror.com/@jimp/jpeg/0.16.1_@jimp+custom@0.16.1:
    resolution: {integrity: sha1-O3uwikFz8vbYHzBJslHfPuKsgXU=, registry: http://registry.npm.taobao.org/, tarball: https://registry.npmmirror.com/@jimp/jpeg/download/@jimp/jpeg-0.16.1.tgz}
    id: registry.npmmirror.com/@jimp/jpeg/0.16.1
    name: '@jimp/jpeg'
    version: 0.16.1
    peerDependencies:
      '@jimp/custom': '>=0.3.5'
    dependencies:
      '@babel/runtime': registry.npmmirror.com/@babel/runtime/7.16.5
      '@jimp/custom': registry.npmmirror.com/@jimp/custom/0.16.1
      '@jimp/utils': registry.npmmirror.com/@jimp/utils/0.16.1
      jpeg-js: registry.npmmirror.com/jpeg-js/0.4.2
    dev: true

  registry.npmmirror.com/@jimp/plugin-blit/0.16.1_@jimp+custom@0.16.1:
    resolution: {integrity: sha1-CeqRn50ybeO5woJv5BVdo33ejts=, registry: http://registry.npm.taobao.org/, tarball: https://registry.npmmirror.com/@jimp/plugin-blit/download/@jimp/plugin-blit-0.16.1.tgz}
    id: registry.npmmirror.com/@jimp/plugin-blit/0.16.1
    name: '@jimp/plugin-blit'
    version: 0.16.1
    peerDependencies:
      '@jimp/custom': '>=0.3.5'
    dependencies:
      '@babel/runtime': registry.npmmirror.com/@babel/runtime/7.16.5
      '@jimp/custom': registry.npmmirror.com/@jimp/custom/0.16.1
      '@jimp/utils': registry.npmmirror.com/@jimp/utils/0.16.1
    dev: true

  registry.npmmirror.com/@jimp/plugin-blur/0.16.1_@jimp+custom@0.16.1:
    resolution: {integrity: sha1-5hT6ACeX3NZi5wXUzqN259uWi/U=, registry: http://registry.npm.taobao.org/, tarball: https://registry.npmmirror.com/@jimp/plugin-blur/download/@jimp/plugin-blur-0.16.1.tgz}
    id: registry.npmmirror.com/@jimp/plugin-blur/0.16.1
    name: '@jimp/plugin-blur'
    version: 0.16.1
    peerDependencies:
      '@jimp/custom': '>=0.3.5'
    dependencies:
      '@babel/runtime': registry.npmmirror.com/@babel/runtime/7.16.5
      '@jimp/custom': registry.npmmirror.com/@jimp/custom/0.16.1
      '@jimp/utils': registry.npmmirror.com/@jimp/utils/0.16.1
    dev: true

  registry.npmmirror.com/@jimp/plugin-circle/0.16.1_@jimp+custom@0.16.1:
    resolution: {integrity: sha1-IOMZSmfKKXQKuiYw/U0Kia+idJE=, registry: http://registry.npm.taobao.org/, tarball: https://registry.npmmirror.com/@jimp/plugin-circle/download/@jimp/plugin-circle-0.16.1.tgz}
    id: registry.npmmirror.com/@jimp/plugin-circle/0.16.1
    name: '@jimp/plugin-circle'
    version: 0.16.1
    peerDependencies:
      '@jimp/custom': '>=0.3.5'
    dependencies:
      '@babel/runtime': registry.npmmirror.com/@babel/runtime/7.16.5
      '@jimp/custom': registry.npmmirror.com/@jimp/custom/0.16.1
      '@jimp/utils': registry.npmmirror.com/@jimp/utils/0.16.1
    dev: true

  registry.npmmirror.com/@jimp/plugin-color/0.16.1_@jimp+custom@0.16.1:
    resolution: {integrity: sha1-DymLp03ugYtmODTNgNU+VvN1UjM=, registry: http://registry.npm.taobao.org/, tarball: https://registry.npmmirror.com/@jimp/plugin-color/download/@jimp/plugin-color-0.16.1.tgz}
    id: registry.npmmirror.com/@jimp/plugin-color/0.16.1
    name: '@jimp/plugin-color'
    version: 0.16.1
    peerDependencies:
      '@jimp/custom': '>=0.3.5'
    dependencies:
      '@babel/runtime': registry.npmmirror.com/@babel/runtime/7.16.5
      '@jimp/custom': registry.npmmirror.com/@jimp/custom/0.16.1
      '@jimp/utils': registry.npmmirror.com/@jimp/utils/0.16.1
      tinycolor2: registry.nlark.com/tinycolor2/1.4.2
    dev: true

  registry.npmmirror.com/@jimp/plugin-contain/0.16.1_38e919e7cde018834207f15ee7b0ce6a:
    resolution: {integrity: sha1-PF9cSV/ZuwipcHOdg2lJNPWBI/I=, registry: http://registry.npm.taobao.org/, tarball: https://registry.npmmirror.com/@jimp/plugin-contain/download/@jimp/plugin-contain-0.16.1.tgz}
    id: registry.npmmirror.com/@jimp/plugin-contain/0.16.1
    name: '@jimp/plugin-contain'
    version: 0.16.1
    peerDependencies:
      '@jimp/custom': '>=0.3.5'
      '@jimp/plugin-blit': '>=0.3.5'
      '@jimp/plugin-resize': '>=0.3.5'
      '@jimp/plugin-scale': '>=0.3.5'
    dependencies:
      '@babel/runtime': registry.npmmirror.com/@babel/runtime/7.16.5
      '@jimp/custom': registry.npmmirror.com/@jimp/custom/0.16.1
      '@jimp/plugin-blit': registry.npmmirror.com/@jimp/plugin-blit/0.16.1_@jimp+custom@0.16.1
      '@jimp/plugin-resize': registry.npmmirror.com/@jimp/plugin-resize/0.16.1_@jimp+custom@0.16.1
      '@jimp/plugin-scale': registry.npmmirror.com/@jimp/plugin-scale/0.16.1_c382371bb4f60ea2fd211a04ed8ab1e2
      '@jimp/utils': registry.npmmirror.com/@jimp/utils/0.16.1
    dev: true

  registry.npmmirror.com/@jimp/plugin-cover/0.16.1_3d13feed36f5fd86198de47b78b25314:
    resolution: {integrity: sha1-DoyuwWpAq+FbGzLlODpgOjMG3EE=, registry: http://registry.npm.taobao.org/, tarball: https://registry.npmmirror.com/@jimp/plugin-cover/download/@jimp/plugin-cover-0.16.1.tgz}
    id: registry.npmmirror.com/@jimp/plugin-cover/0.16.1
    name: '@jimp/plugin-cover'
    version: 0.16.1
    peerDependencies:
      '@jimp/custom': '>=0.3.5'
      '@jimp/plugin-crop': '>=0.3.5'
      '@jimp/plugin-resize': '>=0.3.5'
      '@jimp/plugin-scale': '>=0.3.5'
    dependencies:
      '@babel/runtime': registry.npmmirror.com/@babel/runtime/7.16.5
      '@jimp/custom': registry.npmmirror.com/@jimp/custom/0.16.1
      '@jimp/plugin-crop': registry.npmmirror.com/@jimp/plugin-crop/0.16.1_@jimp+custom@0.16.1
      '@jimp/plugin-resize': registry.npmmirror.com/@jimp/plugin-resize/0.16.1_@jimp+custom@0.16.1
      '@jimp/plugin-scale': registry.npmmirror.com/@jimp/plugin-scale/0.16.1_c382371bb4f60ea2fd211a04ed8ab1e2
      '@jimp/utils': registry.npmmirror.com/@jimp/utils/0.16.1
    dev: true

  registry.npmmirror.com/@jimp/plugin-crop/0.16.1_@jimp+custom@0.16.1:
    resolution: {integrity: sha1-s2JJfIcwQ/5HuogasIYEv3Im9Q8=, registry: http://registry.npm.taobao.org/, tarball: https://registry.npmmirror.com/@jimp/plugin-crop/download/@jimp/plugin-crop-0.16.1.tgz}
    id: registry.npmmirror.com/@jimp/plugin-crop/0.16.1
    name: '@jimp/plugin-crop'
    version: 0.16.1
    peerDependencies:
      '@jimp/custom': '>=0.3.5'
    dependencies:
      '@babel/runtime': registry.npmmirror.com/@babel/runtime/7.16.5
      '@jimp/custom': registry.npmmirror.com/@jimp/custom/0.16.1
      '@jimp/utils': registry.npmmirror.com/@jimp/utils/0.16.1
    dev: true

  registry.npmmirror.com/@jimp/plugin-displace/0.16.1_@jimp+custom@0.16.1:
    resolution: {integrity: sha1-TdnbUYw+eN6dcj+GojS/mJIq/o0=, registry: http://registry.npm.taobao.org/, tarball: https://registry.npmmirror.com/@jimp/plugin-displace/download/@jimp/plugin-displace-0.16.1.tgz}
    id: registry.npmmirror.com/@jimp/plugin-displace/0.16.1
    name: '@jimp/plugin-displace'
    version: 0.16.1
    peerDependencies:
      '@jimp/custom': '>=0.3.5'
    dependencies:
      '@babel/runtime': registry.npmmirror.com/@babel/runtime/7.16.5
      '@jimp/custom': registry.npmmirror.com/@jimp/custom/0.16.1
      '@jimp/utils': registry.npmmirror.com/@jimp/utils/0.16.1
    dev: true

  registry.npmmirror.com/@jimp/plugin-dither/0.16.1_@jimp+custom@0.16.1:
    resolution: {integrity: sha1-tH3iwLsJYIvtIotBw80BqF7C1Fs=, registry: http://registry.npm.taobao.org/, tarball: https://registry.npmmirror.com/@jimp/plugin-dither/download/@jimp/plugin-dither-0.16.1.tgz}
    id: registry.npmmirror.com/@jimp/plugin-dither/0.16.1
    name: '@jimp/plugin-dither'
    version: 0.16.1
    peerDependencies:
      '@jimp/custom': '>=0.3.5'
    dependencies:
      '@babel/runtime': registry.npmmirror.com/@babel/runtime/7.16.5
      '@jimp/custom': registry.npmmirror.com/@jimp/custom/0.16.1
      '@jimp/utils': registry.npmmirror.com/@jimp/utils/0.16.1
    dev: true

  registry.npmmirror.com/@jimp/plugin-fisheye/0.16.1_@jimp+custom@0.16.1:
    resolution: {integrity: sha1-9iUEe2zb4bg7iekDD9AlqxnNsaQ=, registry: http://registry.npm.taobao.org/, tarball: https://registry.npmmirror.com/@jimp/plugin-fisheye/download/@jimp/plugin-fisheye-0.16.1.tgz}
    id: registry.npmmirror.com/@jimp/plugin-fisheye/0.16.1
    name: '@jimp/plugin-fisheye'
    version: 0.16.1
    peerDependencies:
      '@jimp/custom': '>=0.3.5'
    dependencies:
      '@babel/runtime': registry.npmmirror.com/@babel/runtime/7.16.5
      '@jimp/custom': registry.npmmirror.com/@jimp/custom/0.16.1
      '@jimp/utils': registry.npmmirror.com/@jimp/utils/0.16.1
    dev: true

  registry.npmmirror.com/@jimp/plugin-flip/0.16.1_205f1d9ec51496ff93f52ac5618c3660:
    resolution: {integrity: sha1-epnqIr3oAmQQF+0PJhWHDBRDKbs=, registry: http://registry.npm.taobao.org/, tarball: https://registry.npmmirror.com/@jimp/plugin-flip/download/@jimp/plugin-flip-0.16.1.tgz}
    id: registry.npmmirror.com/@jimp/plugin-flip/0.16.1
    name: '@jimp/plugin-flip'
    version: 0.16.1
    peerDependencies:
      '@jimp/custom': '>=0.3.5'
      '@jimp/plugin-rotate': '>=0.3.5'
    dependencies:
      '@babel/runtime': registry.npmmirror.com/@babel/runtime/7.16.5
      '@jimp/custom': registry.npmmirror.com/@jimp/custom/0.16.1
      '@jimp/plugin-rotate': registry.npmmirror.com/@jimp/plugin-rotate/0.16.1_37f4bc9bbdbf41c03b931ee8408b3361
      '@jimp/utils': registry.npmmirror.com/@jimp/utils/0.16.1
    dev: true

  registry.npmmirror.com/@jimp/plugin-gaussian/0.16.1_@jimp+custom@0.16.1:
    resolution: {integrity: sha1-CEXjFAhczVLjT62ag5SbwNgaaOg=, registry: http://registry.npm.taobao.org/, tarball: https://registry.npmmirror.com/@jimp/plugin-gaussian/download/@jimp/plugin-gaussian-0.16.1.tgz}
    id: registry.npmmirror.com/@jimp/plugin-gaussian/0.16.1
    name: '@jimp/plugin-gaussian'
    version: 0.16.1
    peerDependencies:
      '@jimp/custom': '>=0.3.5'
    dependencies:
      '@babel/runtime': registry.npmmirror.com/@babel/runtime/7.16.5
      '@jimp/custom': registry.npmmirror.com/@jimp/custom/0.16.1
      '@jimp/utils': registry.npmmirror.com/@jimp/utils/0.16.1
    dev: true

  registry.npmmirror.com/@jimp/plugin-invert/0.16.1_@jimp+custom@0.16.1:
    resolution: {integrity: sha1-fm9aFXByVvN3jQaSFnW7zxhUXJc=, registry: http://registry.npm.taobao.org/, tarball: https://registry.npmmirror.com/@jimp/plugin-invert/download/@jimp/plugin-invert-0.16.1.tgz}
    id: registry.npmmirror.com/@jimp/plugin-invert/0.16.1
    name: '@jimp/plugin-invert'
    version: 0.16.1
    peerDependencies:
      '@jimp/custom': '>=0.3.5'
    dependencies:
      '@babel/runtime': registry.npmmirror.com/@babel/runtime/7.16.5
      '@jimp/custom': registry.npmmirror.com/@jimp/custom/0.16.1
      '@jimp/utils': registry.npmmirror.com/@jimp/utils/0.16.1
    dev: true

  registry.npmmirror.com/@jimp/plugin-mask/0.16.1_@jimp+custom@0.16.1:
    resolution: {integrity: sha1-5/JGDgXDzaevXnbzPMsFefZvkN8=, registry: http://registry.npm.taobao.org/, tarball: https://registry.npmmirror.com/@jimp/plugin-mask/download/@jimp/plugin-mask-0.16.1.tgz}
    id: registry.npmmirror.com/@jimp/plugin-mask/0.16.1
    name: '@jimp/plugin-mask'
    version: 0.16.1
    peerDependencies:
      '@jimp/custom': '>=0.3.5'
    dependencies:
      '@babel/runtime': registry.npmmirror.com/@babel/runtime/7.16.5
      '@jimp/custom': registry.npmmirror.com/@jimp/custom/0.16.1
      '@jimp/utils': registry.npmmirror.com/@jimp/utils/0.16.1
    dev: true

  registry.npmmirror.com/@jimp/plugin-normalize/0.16.1_@jimp+custom@0.16.1:
    resolution: {integrity: sha1-Ay39iO77xN7cixstJDgy5POvMMg=, registry: http://registry.npm.taobao.org/, tarball: https://registry.npmmirror.com/@jimp/plugin-normalize/download/@jimp/plugin-normalize-0.16.1.tgz}
    id: registry.npmmirror.com/@jimp/plugin-normalize/0.16.1
    name: '@jimp/plugin-normalize'
    version: 0.16.1
    peerDependencies:
      '@jimp/custom': '>=0.3.5'
    dependencies:
      '@babel/runtime': registry.npmmirror.com/@babel/runtime/7.16.5
      '@jimp/custom': registry.npmmirror.com/@jimp/custom/0.16.1
      '@jimp/utils': registry.npmmirror.com/@jimp/utils/0.16.1
    dev: true

  registry.npmmirror.com/@jimp/plugin-print/0.16.1_5191b610a3eb861d3baa10a735e89ecc:
    resolution: {integrity: sha1-ZrgDVj+dEJgllwcURm5qua5jn/Y=, registry: http://registry.npm.taobao.org/, tarball: https://registry.npmmirror.com/@jimp/plugin-print/download/@jimp/plugin-print-0.16.1.tgz}
    id: registry.npmmirror.com/@jimp/plugin-print/0.16.1
    name: '@jimp/plugin-print'
    version: 0.16.1
    peerDependencies:
      '@jimp/custom': '>=0.3.5'
      '@jimp/plugin-blit': '>=0.3.5'
    dependencies:
      '@babel/runtime': registry.npmmirror.com/@babel/runtime/7.16.5
      '@jimp/custom': registry.npmmirror.com/@jimp/custom/0.16.1
      '@jimp/plugin-blit': registry.npmmirror.com/@jimp/plugin-blit/0.16.1_@jimp+custom@0.16.1
      '@jimp/utils': registry.npmmirror.com/@jimp/utils/0.16.1
      load-bmfont: registry.nlark.com/load-bmfont/1.4.1
    dev: true

  registry.npmmirror.com/@jimp/plugin-resize/0.16.1_@jimp+custom@0.16.1:
    resolution: {integrity: sha1-ZeOdhI7RO6LWxvr4HV1ZA5ZXHRA=, registry: http://registry.npm.taobao.org/, tarball: https://registry.npmmirror.com/@jimp/plugin-resize/download/@jimp/plugin-resize-0.16.1.tgz}
    id: registry.npmmirror.com/@jimp/plugin-resize/0.16.1
    name: '@jimp/plugin-resize'
    version: 0.16.1
    peerDependencies:
      '@jimp/custom': '>=0.3.5'
    dependencies:
      '@babel/runtime': registry.npmmirror.com/@babel/runtime/7.16.5
      '@jimp/custom': registry.npmmirror.com/@jimp/custom/0.16.1
      '@jimp/utils': registry.npmmirror.com/@jimp/utils/0.16.1
    dev: true

  registry.npmmirror.com/@jimp/plugin-rotate/0.16.1_37f4bc9bbdbf41c03b931ee8408b3361:
    resolution: {integrity: sha1-U/tdUaSz0Fr5yRwqj//l16GkfIw=, registry: http://registry.npm.taobao.org/, tarball: https://registry.npmmirror.com/@jimp/plugin-rotate/download/@jimp/plugin-rotate-0.16.1.tgz}
    id: registry.npmmirror.com/@jimp/plugin-rotate/0.16.1
    name: '@jimp/plugin-rotate'
    version: 0.16.1
    peerDependencies:
      '@jimp/custom': '>=0.3.5'
      '@jimp/plugin-blit': '>=0.3.5'
      '@jimp/plugin-crop': '>=0.3.5'
      '@jimp/plugin-resize': '>=0.3.5'
    dependencies:
      '@babel/runtime': registry.npmmirror.com/@babel/runtime/7.16.5
      '@jimp/custom': registry.npmmirror.com/@jimp/custom/0.16.1
      '@jimp/plugin-blit': registry.npmmirror.com/@jimp/plugin-blit/0.16.1_@jimp+custom@0.16.1
      '@jimp/plugin-crop': registry.npmmirror.com/@jimp/plugin-crop/0.16.1_@jimp+custom@0.16.1
      '@jimp/plugin-resize': registry.npmmirror.com/@jimp/plugin-resize/0.16.1_@jimp+custom@0.16.1
      '@jimp/utils': registry.npmmirror.com/@jimp/utils/0.16.1
    dev: true

  registry.npmmirror.com/@jimp/plugin-scale/0.16.1_c382371bb4f60ea2fd211a04ed8ab1e2:
    resolution: {integrity: sha1-ifa6Wf7tNCmEftImrr2jOiQMxkc=, registry: http://registry.npm.taobao.org/, tarball: https://registry.npmmirror.com/@jimp/plugin-scale/download/@jimp/plugin-scale-0.16.1.tgz}
    id: registry.npmmirror.com/@jimp/plugin-scale/0.16.1
    name: '@jimp/plugin-scale'
    version: 0.16.1
    peerDependencies:
      '@jimp/custom': '>=0.3.5'
      '@jimp/plugin-resize': '>=0.3.5'
    dependencies:
      '@babel/runtime': registry.npmmirror.com/@babel/runtime/7.16.5
      '@jimp/custom': registry.npmmirror.com/@jimp/custom/0.16.1
      '@jimp/plugin-resize': registry.npmmirror.com/@jimp/plugin-resize/0.16.1_@jimp+custom@0.16.1
      '@jimp/utils': registry.npmmirror.com/@jimp/utils/0.16.1
    dev: true

  registry.npmmirror.com/@jimp/plugin-shadow/0.16.1_82540ab48d5f83680494f34d0dac907f:
    resolution: {integrity: sha1-p6+JKnQP6/QSEeEKVGfDxcUhoEw=, registry: http://registry.npm.taobao.org/, tarball: https://registry.npmmirror.com/@jimp/plugin-shadow/download/@jimp/plugin-shadow-0.16.1.tgz}
    id: registry.npmmirror.com/@jimp/plugin-shadow/0.16.1
    name: '@jimp/plugin-shadow'
    version: 0.16.1
    peerDependencies:
      '@jimp/custom': '>=0.3.5'
      '@jimp/plugin-blur': '>=0.3.5'
      '@jimp/plugin-resize': '>=0.3.5'
    dependencies:
      '@babel/runtime': registry.npmmirror.com/@babel/runtime/7.16.5
      '@jimp/custom': registry.npmmirror.com/@jimp/custom/0.16.1
      '@jimp/plugin-blur': registry.npmmirror.com/@jimp/plugin-blur/0.16.1_@jimp+custom@0.16.1
      '@jimp/plugin-resize': registry.npmmirror.com/@jimp/plugin-resize/0.16.1_@jimp+custom@0.16.1
      '@jimp/utils': registry.npmmirror.com/@jimp/utils/0.16.1
    dev: true

  registry.npmmirror.com/@jimp/plugin-threshold/0.16.1_ec0c83f3603149a8780f87045f821922:
    resolution: {integrity: sha1-NPMHj5llFFt64mxToyrXSxGVu/U=, registry: http://registry.npm.taobao.org/, tarball: https://registry.npmmirror.com/@jimp/plugin-threshold/download/@jimp/plugin-threshold-0.16.1.tgz}
    id: registry.npmmirror.com/@jimp/plugin-threshold/0.16.1
    name: '@jimp/plugin-threshold'
    version: 0.16.1
    peerDependencies:
      '@jimp/custom': '>=0.3.5'
      '@jimp/plugin-color': '>=0.8.0'
      '@jimp/plugin-resize': '>=0.8.0'
    dependencies:
      '@babel/runtime': registry.npmmirror.com/@babel/runtime/7.16.5
      '@jimp/custom': registry.npmmirror.com/@jimp/custom/0.16.1
      '@jimp/plugin-color': registry.npmmirror.com/@jimp/plugin-color/0.16.1_@jimp+custom@0.16.1
      '@jimp/plugin-resize': registry.npmmirror.com/@jimp/plugin-resize/0.16.1_@jimp+custom@0.16.1
      '@jimp/utils': registry.npmmirror.com/@jimp/utils/0.16.1
    dev: true

  registry.npmmirror.com/@jimp/plugins/0.16.1_@jimp+custom@0.16.1:
    resolution: {integrity: sha1-nwhUTJcibWRgoWztefV+hb7DJXs=, registry: http://registry.npm.taobao.org/, tarball: https://registry.npmmirror.com/@jimp/plugins/download/@jimp/plugins-0.16.1.tgz}
    id: registry.npmmirror.com/@jimp/plugins/0.16.1
    name: '@jimp/plugins'
    version: 0.16.1
    peerDependencies:
      '@jimp/custom': '>=0.3.5'
    dependencies:
      '@babel/runtime': registry.npmmirror.com/@babel/runtime/7.16.5
      '@jimp/custom': registry.npmmirror.com/@jimp/custom/0.16.1
      '@jimp/plugin-blit': registry.npmmirror.com/@jimp/plugin-blit/0.16.1_@jimp+custom@0.16.1
      '@jimp/plugin-blur': registry.npmmirror.com/@jimp/plugin-blur/0.16.1_@jimp+custom@0.16.1
      '@jimp/plugin-circle': registry.npmmirror.com/@jimp/plugin-circle/0.16.1_@jimp+custom@0.16.1
      '@jimp/plugin-color': registry.npmmirror.com/@jimp/plugin-color/0.16.1_@jimp+custom@0.16.1
      '@jimp/plugin-contain': registry.npmmirror.com/@jimp/plugin-contain/0.16.1_38e919e7cde018834207f15ee7b0ce6a
      '@jimp/plugin-cover': registry.npmmirror.com/@jimp/plugin-cover/0.16.1_3d13feed36f5fd86198de47b78b25314
      '@jimp/plugin-crop': registry.npmmirror.com/@jimp/plugin-crop/0.16.1_@jimp+custom@0.16.1
      '@jimp/plugin-displace': registry.npmmirror.com/@jimp/plugin-displace/0.16.1_@jimp+custom@0.16.1
      '@jimp/plugin-dither': registry.npmmirror.com/@jimp/plugin-dither/0.16.1_@jimp+custom@0.16.1
      '@jimp/plugin-fisheye': registry.npmmirror.com/@jimp/plugin-fisheye/0.16.1_@jimp+custom@0.16.1
      '@jimp/plugin-flip': registry.npmmirror.com/@jimp/plugin-flip/0.16.1_205f1d9ec51496ff93f52ac5618c3660
      '@jimp/plugin-gaussian': registry.npmmirror.com/@jimp/plugin-gaussian/0.16.1_@jimp+custom@0.16.1
      '@jimp/plugin-invert': registry.npmmirror.com/@jimp/plugin-invert/0.16.1_@jimp+custom@0.16.1
      '@jimp/plugin-mask': registry.npmmirror.com/@jimp/plugin-mask/0.16.1_@jimp+custom@0.16.1
      '@jimp/plugin-normalize': registry.npmmirror.com/@jimp/plugin-normalize/0.16.1_@jimp+custom@0.16.1
      '@jimp/plugin-print': registry.npmmirror.com/@jimp/plugin-print/0.16.1_5191b610a3eb861d3baa10a735e89ecc
      '@jimp/plugin-resize': registry.npmmirror.com/@jimp/plugin-resize/0.16.1_@jimp+custom@0.16.1
      '@jimp/plugin-rotate': registry.npmmirror.com/@jimp/plugin-rotate/0.16.1_37f4bc9bbdbf41c03b931ee8408b3361
      '@jimp/plugin-scale': registry.npmmirror.com/@jimp/plugin-scale/0.16.1_c382371bb4f60ea2fd211a04ed8ab1e2
      '@jimp/plugin-shadow': registry.npmmirror.com/@jimp/plugin-shadow/0.16.1_82540ab48d5f83680494f34d0dac907f
      '@jimp/plugin-threshold': registry.npmmirror.com/@jimp/plugin-threshold/0.16.1_ec0c83f3603149a8780f87045f821922
      timm: registry.nlark.com/timm/1.7.1
    dev: true

  registry.npmmirror.com/@jimp/png/0.16.1_@jimp+custom@0.16.1:
    resolution: {integrity: sha1-8kz8MVKZALE6LdnU/bRGDB5NgU4=, registry: http://registry.npm.taobao.org/, tarball: https://registry.npmmirror.com/@jimp/png/download/@jimp/png-0.16.1.tgz}
    id: registry.npmmirror.com/@jimp/png/0.16.1
    name: '@jimp/png'
    version: 0.16.1
    peerDependencies:
      '@jimp/custom': '>=0.3.5'
    dependencies:
      '@babel/runtime': registry.npmmirror.com/@babel/runtime/7.16.5
      '@jimp/custom': registry.npmmirror.com/@jimp/custom/0.16.1
      '@jimp/utils': registry.npmmirror.com/@jimp/utils/0.16.1
      pngjs: registry.nlark.com/pngjs/3.4.0
    dev: true

  registry.npmmirror.com/@jimp/tiff/0.16.1_@jimp+custom@0.16.1:
    resolution: {integrity: sha1-DodWaVaH11dLa8c++rCs1CYLehI=, registry: http://registry.npm.taobao.org/, tarball: https://registry.npmmirror.com/@jimp/tiff/download/@jimp/tiff-0.16.1.tgz}
    id: registry.npmmirror.com/@jimp/tiff/0.16.1
    name: '@jimp/tiff'
    version: 0.16.1
    peerDependencies:
      '@jimp/custom': '>=0.3.5'
    dependencies:
      '@babel/runtime': registry.npmmirror.com/@babel/runtime/7.16.5
      '@jimp/custom': registry.npmmirror.com/@jimp/custom/0.16.1
      utif: registry.nlark.com/utif/2.0.1
    dev: true

  registry.npmmirror.com/@jimp/types/0.16.1_@jimp+custom@0.16.1:
    resolution: {integrity: sha1-DbqzezICMVyRAQ8Wwxdm01ojIsw=, registry: http://registry.npm.taobao.org/, tarball: https://registry.npmmirror.com/@jimp/types/download/@jimp/types-0.16.1.tgz}
    id: registry.npmmirror.com/@jimp/types/0.16.1
    name: '@jimp/types'
    version: 0.16.1
    peerDependencies:
      '@jimp/custom': '>=0.3.5'
    dependencies:
      '@babel/runtime': registry.npmmirror.com/@babel/runtime/7.16.5
      '@jimp/bmp': registry.npmmirror.com/@jimp/bmp/0.16.1_@jimp+custom@0.16.1
      '@jimp/custom': registry.npmmirror.com/@jimp/custom/0.16.1
      '@jimp/gif': registry.npmmirror.com/@jimp/gif/0.16.1_@jimp+custom@0.16.1
      '@jimp/jpeg': registry.npmmirror.com/@jimp/jpeg/0.16.1_@jimp+custom@0.16.1
      '@jimp/png': registry.npmmirror.com/@jimp/png/0.16.1_@jimp+custom@0.16.1
      '@jimp/tiff': registry.npmmirror.com/@jimp/tiff/0.16.1_@jimp+custom@0.16.1
      timm: registry.nlark.com/timm/1.7.1
    dev: true

  registry.npmmirror.com/@jimp/utils/0.16.1:
    resolution: {integrity: sha1-L1Hm8U/4MHxKqD1eGid9oUqf4/c=, registry: http://registry.npm.taobao.org/, tarball: https://registry.npmmirror.com/@jimp/utils/download/@jimp/utils-0.16.1.tgz}
    name: '@jimp/utils'
    version: 0.16.1
    dependencies:
      '@babel/runtime': registry.npmmirror.com/@babel/runtime/7.16.5
      regenerator-runtime: registry.nlark.com/regenerator-runtime/0.13.9
    dev: true

  registry.npmmirror.com/file-type/9.0.0:
    resolution: {integrity: sha1-po1a0H9IZBTfssiGb3MWGUZxShg=, registry: http://registry.npm.taobao.org/, tarball: https://registry.npmmirror.com/file-type/download/file-type-9.0.0.tgz}
    name: file-type
    version: 9.0.0
    engines: {node: '>=6'}
    dev: true

  registry.npmmirror.com/jimp/0.16.1:
    resolution: {integrity: sha1-GS+FGjDlyhERKj0KpTE3ZZp4yno=, registry: http://registry.npm.taobao.org/, tarball: https://registry.npmmirror.com/jimp/download/jimp-0.16.1.tgz}
    name: jimp
    version: 0.16.1
    dependencies:
      '@babel/runtime': registry.npmmirror.com/@babel/runtime/7.16.5
      '@jimp/custom': registry.npmmirror.com/@jimp/custom/0.16.1
      '@jimp/plugins': registry.npmmirror.com/@jimp/plugins/0.16.1_@jimp+custom@0.16.1
      '@jimp/types': registry.npmmirror.com/@jimp/types/0.16.1_@jimp+custom@0.16.1
      regenerator-runtime: registry.nlark.com/regenerator-runtime/0.13.9
    dev: true

  registry.npmmirror.com/jpeg-js/0.4.2:
    resolution: {integrity: sha1-izRbGuSr3mTC2i/mfqIWoRSsJ50=, registry: http://registry.npm.taobao.org/, tarball: https://registry.npmmirror.com/jpeg-js/download/jpeg-js-0.4.2.tgz}
    name: jpeg-js
    version: 0.4.2
    dev: true

  registry.npmmirror.com/mime/1.6.0:
    resolution: {integrity: sha1-Ms2eXGRVO9WNGaVor0Uqz/BJgbE=, registry: http://registry.npm.taobao.org/, tarball: https://registry.npmmirror.com/mime/download/mime-1.6.0.tgz}
    name: mime
    version: 1.6.0
    engines: {node: '>=4'}
    hasBin: true
    dev: true

  registry.npmmirror.com/mkdirp/0.5.5:
    resolution: {integrity: sha1-2Rzv1i0UNsoPQWIOJRKI1CAJne8=, registry: http://registry.npm.taobao.org/, tarball: https://registry.npmmirror.com/mkdirp/download/mkdirp-0.5.5.tgz}
    name: mkdirp
    version: 0.5.5
    hasBin: true
    dependencies:
      minimist: registry.nlark.com/minimist/1.2.5
    dev: true

  registry.npmmirror.com/parse-headers/2.0.4:
    resolution: {integrity: sha1-nq8tAr7S0e/0lDMc498215JHYL8=, registry: http://registry.npm.taobao.org/, tarball: https://registry.npmmirror.com/parse-headers/download/parse-headers-2.0.4.tgz}
    name: parse-headers
    version: 2.0.4
    dev: true

  registry.npmmirror.com/phin/2.9.3:
    resolution: {integrity: sha1-+basEKA1Y2+2XfxXaqqhe4dDElw=, registry: http://registry.npm.taobao.org/, tarball: https://registry.npmmirror.com/phin/download/phin-2.9.3.tgz}
    name: phin
    version: 2.9.3
    dev: true
